
Microsoft Visual Studio Solution File, Format Version 12.00
# Visual Studio Version 16
VisualStudioVersion = 16.0.31112.23
MinimumVisualStudioVersion = 10.0.40219.1
Project("{FAE04EC0-301F-11D3-BF4B-00C04F79EFBC}") = "SolidDesignPrinciples", "SolidDesignPrinciples\SolidDesignPrinciples.csproj", "{10DE827E-9286-4100-8310-F5EBCCF09A81}"
EndProject
Project("{FAE04EC0-301F-11D3-BF4B-00C04F79EFBC}") = "Builder", "Builder\Builder.csproj", "{8F9753F4-6451-4F66-8A6B-E6590E8D9A76}"
EndProject
Project("{FAE04EC0-301F-11D3-BF4B-00C04F79EFBC}") = "Factory", "Factory\Factory.csproj", "{F5EB5364-C153-40DF-A447-613A32E3E9BC}"
EndProject
Project("{FAE04EC0-301F-11D3-BF4B-00C04F79EFBC}") = "AbstractFactory", "AbstractFactory\AbstractFactory.csproj", "{CF235654-A3F1-4D6B-A291-705DDCF7F214}"
EndProject
Project("{FAE04EC0-301F-11D3-BF4B-00C04F79EFBC}") = "Singleton", "Singleton\Singleton.csproj", "{B90B7571-BBD4-431E-95FE-A76C4ACDE7D2}"
EndProject
Project("{FAE04EC0-301F-11D3-BF4B-00C04F79EFBC}") = "SingletonPerThread", "SingletonPerThread\SingletonPerThread.csproj", "{3EBCB384-0543-4CB6-A028-F3A3B53D564D}"
EndProject
Project("{2150E333-8FDC-42A3-9474-1A3956D46DE8}") = "FactoryFolder", "FactoryFolder", "{8E741CD2-A0A0-43EB-A124-D6D92123346A}"
EndProject
Project("{2150E333-8FDC-42A3-9474-1A3956D46DE8}") = "SingletonFolder", "SingletonFolder", "{7299ABA0-1DB9-4CDA-BB5F-6DE347151C8E}"
EndProject
Project("{2150E333-8FDC-42A3-9474-1A3956D46DE8}") = "SDP", "SDP", "{AABD5275-C1CC-40D0-93A4-09E5D492F221}"
EndProject
Project("{FAE04EC0-301F-11D3-BF4B-00C04F79EFBC}") = "SingletonAmbientContext", "SingletonAmbientContext\SingletonAmbientContext.csproj", "{93DE2F70-C4B4-4941-8B7E-AF91A360E982}"
EndProject
Project("{FAE04EC0-301F-11D3-BF4B-00C04F79EFBC}") = "SingletonCart", "SingletonCart\SingletonCart.csproj", "{77313908-8523-4D40-9475-865A89D2FF56}"
EndProject
Global
	GlobalSection(SolutionConfigurationPlatforms) = preSolution
		Debug|Any CPU = Debug|Any CPU
		Release|Any CPU = Release|Any CPU
	EndGlobalSection
	GlobalSection(ProjectConfigurationPlatforms) = postSolution
		{10DE827E-9286-4100-8310-F5EBCCF09A81}.Debug|Any CPU.ActiveCfg = Debug|Any CPU
		{10DE827E-9286-4100-8310-F5EBCCF09A81}.Debug|Any CPU.Build.0 = Debug|Any CPU
		{10DE827E-9286-4100-8310-F5EBCCF09A81}.Release|Any CPU.ActiveCfg = Release|Any CPU
		{10DE827E-9286-4100-8310-F5EBCCF09A81}.Release|Any CPU.Build.0 = Release|Any CPU
		{8F9753F4-6451-4F66-8A6B-E6590E8D9A76}.Debug|Any CPU.ActiveCfg = Debug|Any CPU
		{8F9753F4-6451-4F66-8A6B-E6590E8D9A76}.Debug|Any CPU.Build.0 = Debug|Any CPU
		{8F9753F4-6451-4F66-8A6B-E6590E8D9A76}.Release|Any CPU.ActiveCfg = Release|Any CPU
		{8F9753F4-6451-4F66-8A6B-E6590E8D9A76}.Release|Any CPU.Build.0 = Release|Any CPU
		{F5EB5364-C153-40DF-A447-613A32E3E9BC}.Debug|Any CPU.ActiveCfg = Debug|Any CPU
		{F5EB5364-C153-40DF-A447-613A32E3E9BC}.Debug|Any CPU.Build.0 = Debug|Any CPU
		{F5EB5364-C153-40DF-A447-613A32E3E9BC}.Release|Any CPU.ActiveCfg = Release|Any CPU
		{F5EB5364-C153-40DF-A447-613A32E3E9BC}.Release|Any CPU.Build.0 = Release|Any CPU
		{CF235654-A3F1-4D6B-A291-705DDCF7F214}.Debug|Any CPU.ActiveCfg = Debug|Any CPU
		{CF235654-A3F1-4D6B-A291-705DDCF7F214}.Debug|Any CPU.Build.0 = Debug|Any CPU
		{CF235654-A3F1-4D6B-A291-705DDCF7F214}.Release|Any CPU.ActiveCfg = Release|Any CPU
		{CF235654-A3F1-4D6B-A291-705DDCF7F214}.Release|Any CPU.Build.0 = Release|Any CPU
		{B90B7571-BBD4-431E-95FE-A76C4ACDE7D2}.Debug|Any CPU.ActiveCfg = Debug|Any CPU
		{B90B7571-BBD4-431E-95FE-A76C4ACDE7D2}.Debug|Any CPU.Build.0 = Debug|Any CPU
		{B90B7571-BBD4-431E-95FE-A76C4ACDE7D2}.Release|Any CPU.ActiveCfg = Release|Any CPU
		{B90B7571-BBD4-431E-95FE-A76C4ACDE7D2}.Release|Any CPU.Build.0 = Release|Any CPU
		{3EBCB384-0543-4CB6-A028-F3A3B53D564D}.Debug|Any CPU.ActiveCfg = Debug|Any CPU
		{3EBCB384-0543-4CB6-A028-F3A3B53D564D}.Debug|Any CPU.Build.0 = Debug|Any CPU
		{3EBCB384-0543-4CB6-A028-F3A3B53D564D}.Release|Any CPU.ActiveCfg = Release|Any CPU
		{3EBCB384-0543-4CB6-A028-F3A3B53D564D}.Release|Any CPU.Build.0 = Release|Any CPU
		{93DE2F70-C4B4-4941-8B7E-AF91A360E982}.Debug|Any CPU.ActiveCfg = Debug|Any CPU
		{93DE2F70-C4B4-4941-8B7E-AF91A360E982}.Debug|Any CPU.Build.0 = Debug|Any CPU
		{93DE2F70-C4B4-4941-8B7E-AF91A360E982}.Release|Any CPU.ActiveCfg = Release|Any CPU
		{93DE2F70-C4B4-4941-8B7E-AF91A360E982}.Release|Any CPU.Build.0 = Release|Any CPU
		{77313908-8523-4D40-9475-865A89D2FF56}.Debug|Any CPU.ActiveCfg = Debug|Any CPU
		{77313908-8523-4D40-9475-865A89D2FF56}.Debug|Any CPU.Build.0 = Debug|Any CPU
		{77313908-8523-4D40-9475-865A89D2FF56}.Release|Any CPU.ActiveCfg = Release|Any CPU
		{77313908-8523-4D40-9475-865A89D2FF56}.Release|Any CPU.Build.0 = Release|Any CPU
	EndGlobalSection
	GlobalSection(SolutionProperties) = preSolution
		HideSolutionNode = FALSE
	EndGlobalSection
	GlobalSection(NestedProjects) = preSolution
		{10DE827E-9286-4100-8310-F5EBCCF09A81} = {AABD5275-C1CC-40D0-93A4-09E5D492F221}
		{8F9753F4-6451-4F66-8A6B-E6590E8D9A76} = {AABD5275-C1CC-40D0-93A4-09E5D492F221}
		{F5EB5364-C153-40DF-A447-613A32E3E9BC} = {8E741CD2-A0A0-43EB-A124-D6D92123346A}
		{CF235654-A3F1-4D6B-A291-705DDCF7F214} = {8E741CD2-A0A0-43EB-A124-D6D92123346A}
		{B90B7571-BBD4-431E-95FE-A76C4ACDE7D2} = {7299ABA0-1DB9-4CDA-BB5F-6DE347151C8E}
		{3EBCB384-0543-4CB6-A028-F3A3B53D564D} = {7299ABA0-1DB9-4CDA-BB5F-6DE347151C8E}
		{93DE2F70-C4B4-4941-8B7E-AF91A360E982} = {7299ABA0-1DB9-4CDA-BB5F-6DE347151C8E}
		{77313908-8523-4D40-9475-865A89D2FF56} = {7299ABA0-1DB9-4CDA-BB5F-6DE347151C8E}
	EndGlobalSection
	GlobalSection(ExtensibilityGlobals) = postSolution
		SolutionGuid = {D28414C9-7366-44C4-9724-17469FCB50F2}
	EndGlobalSection
EndGlobal
